
Microsoft Visual Studio Solution File, Format Version 12.00
# Visual Studio Version 17
VisualStudioVersion = 17.0.32002.185
MinimumVisualStudioVersion = 10.0.40219.1
Project("{FAE04EC0-301F-11D3-BF4B-00C04F79EFBC}") = "ControleFinanceiro-API", "ControleFinanceiro-API\ControleFinanceiro-API.csproj", "{117BAF06-44E8-45EC-BD8F-4820E9B12BB2}"
EndProject
Project("{FAE04EC0-301F-11D3-BF4B-00C04F79EFBC}") = "ControleFinanceiro.BLL", "..\ControleFinanceiro.BLL\ControleFinanceiro.BLL.csproj", "{6E88A433-9065-4757-B3C5-00C03EB683C4}"
EndProject
Project("{FAE04EC0-301F-11D3-BF4B-00C04F79EFBC}") = "ControleFinanceiro.DAL", "..\ControleFinanceiro.DAO\ControleFinanceiro.DAL.csproj", "{9076F3A8-DE5B-46C4-8D54-F243C23C9E14}"
EndProject
Global
	GlobalSection(SolutionConfigurationPlatforms) = preSolution
		Debug|Any CPU = Debug|Any CPU
		Release|Any CPU = Release|Any CPU
	EndGlobalSection
	GlobalSection(ProjectConfigurationPlatforms) = postSolution
		{117BAF06-44E8-45EC-BD8F-4820E9B12BB2}.Debug|Any CPU.ActiveCfg = Debug|Any CPU
		{117BAF06-44E8-45EC-BD8F-4820E9B12BB2}.Debug|Any CPU.Build.0 = Debug|Any CPU
		{117BAF06-44E8-45EC-BD8F-4820E9B12BB2}.Release|Any CPU.ActiveCfg = Release|Any CPU
		{117BAF06-44E8-45EC-BD8F-4820E9B12BB2}.Release|Any CPU.Build.0 = Release|Any CPU
		{6E88A433-9065-4757-B3C5-00C03EB683C4}.Debug|Any CPU.ActiveCfg = Debug|Any CPU
		{6E88A433-9065-4757-B3C5-00C03EB683C4}.Debug|Any CPU.Build.0 = Debug|Any CPU
		{6E88A433-9065-4757-B3C5-00C03EB683C4}.Release|Any CPU.ActiveCfg = Release|Any CPU
		{6E88A433-9065-4757-B3C5-00C03EB683C4}.Release|Any CPU.Build.0 = Release|Any CPU
		{9076F3A8-DE5B-46C4-8D54-F243C23C9E14}.Debug|Any CPU.ActiveCfg = Debug|Any CPU
		{9076F3A8-DE5B-46C4-8D54-F243C23C9E14}.Debug|Any CPU.Build.0 = Debug|Any CPU
		{9076F3A8-DE5B-46C4-8D54-F243C23C9E14}.Release|Any CPU.ActiveCfg = Release|Any CPU
		{9076F3A8-DE5B-46C4-8D54-F243C23C9E14}.Release|Any CPU.Build.0 = Release|Any CPU
	EndGlobalSection
	GlobalSection(SolutionProperties) = preSolution
		HideSolutionNode = FALSE
	EndGlobalSection
	GlobalSection(ExtensibilityGlobals) = postSolution
		SolutionGuid = {22FEF80C-9AF4-490D-A7FF-F3E2AE27B9BF}
	EndGlobalSection
EndGlobal
